
Microsoft Visual Studio Solution File, Format Version 12.00
# Visual Studio Version 17
VisualStudioVersion = 17.14.36408.4 d17.14
MinimumVisualStudioVersion = 10.0.40219.1
Project("{FAE04EC0-301F-11D3-BF4B-00C04F79EFBC}") = "TaskBoard.Web", "TaskBoard.Web\TaskBoard.Web.csproj", "{87E04A42-3D23-4262-B11A-E3607BBD332B}"
EndProject
Project("{FAE04EC0-301F-11D3-BF4B-00C04F79EFBC}") = "TaskBoard.API", "..\TaskBoard.API\TaskBoard.API.csproj", "{3D0318C8-5739-466F-A097-5F0D06D074E0}"
EndProject
Project("{FAE04EC0-301F-11D3-BF4B-00C04F79EFBC}") = "TaskBoard.Core", "..\TaskBoard.Core\TaskBoard.Core.csproj", "{DC2C4616-23C8-4ABA-9B5B-F06EE16D2135}"
EndProject
Global
	GlobalSection(SolutionConfigurationPlatforms) = preSolution
		Debug|Any CPU = Debug|Any CPU
		Release|Any CPU = Release|Any CPU
	EndGlobalSection
	GlobalSection(ProjectConfigurationPlatforms) = postSolution
		{87E04A42-3D23-4262-B11A-E3607BBD332B}.Debug|Any CPU.ActiveCfg = Debug|Any CPU
		{87E04A42-3D23-4262-B11A-E3607BBD332B}.Debug|Any CPU.Build.0 = Debug|Any CPU
		{87E04A42-3D23-4262-B11A-E3607BBD332B}.Release|Any CPU.ActiveCfg = Release|Any CPU
		{87E04A42-3D23-4262-B11A-E3607BBD332B}.Release|Any CPU.Build.0 = Release|Any CPU
		{3D0318C8-5739-466F-A097-5F0D06D074E0}.Debug|Any CPU.ActiveCfg = Debug|Any CPU
		{3D0318C8-5739-466F-A097-5F0D06D074E0}.Debug|Any CPU.Build.0 = Debug|Any CPU
		{3D0318C8-5739-466F-A097-5F0D06D074E0}.Release|Any CPU.ActiveCfg = Release|Any CPU
		{3D0318C8-5739-466F-A097-5F0D06D074E0}.Release|Any CPU.Build.0 = Release|Any CPU
		{DC2C4616-23C8-4ABA-9B5B-F06EE16D2135}.Debug|Any CPU.ActiveCfg = Debug|Any CPU
		{DC2C4616-23C8-4ABA-9B5B-F06EE16D2135}.Debug|Any CPU.Build.0 = Debug|Any CPU
		{DC2C4616-23C8-4ABA-9B5B-F06EE16D2135}.Release|Any CPU.ActiveCfg = Release|Any CPU
		{DC2C4616-23C8-4ABA-9B5B-F06EE16D2135}.Release|Any CPU.Build.0 = Release|Any CPU
	EndGlobalSection
	GlobalSection(SolutionProperties) = preSolution
		HideSolutionNode = FALSE
	EndGlobalSection
	GlobalSection(ExtensibilityGlobals) = postSolution
		SolutionGuid = {D9F11C5D-1991-4F0B-9E56-D4AE7251A2B9}
	EndGlobalSection
EndGlobal
